
Microsoft Visual Studio Solution File, Format Version 12.00
# Visual Studio 14
VisualStudioVersion = 14.0.24720.0
MinimumVisualStudioVersion = 10.0.40219.1
Project("{8BC9CEB8-8B4A-11D0-8D11-00A0C91BC942}") = "STM32F103_LCD_ADF4351", "STM32F103_LCD_ADF4351.vcxproj", "{3684B7CD-E9ED-4BE4-A482-75A5CAB2E45B}"
EndProject
Global
	GlobalSection(SolutionConfigurationPlatforms) = preSolution
		Debug|x86 = Debug|x86
		Release|x86 = Release|x86
	EndGlobalSection
	GlobalSection(ProjectConfigurationPlatforms) = postSolution
		{3684B7CD-E9ED-4BE4-A482-75A5CAB2E45B}.Debug|x64.ActiveCfg = Debug|Win32
		{3684B7CD-E9ED-4BE4-A482-75A5CAB2E45B}.Debug|x86.ActiveCfg = Debug|Win32
		{3684B7CD-E9ED-4BE4-A482-75A5CAB2E45B}.Debug|x86.Build.0 = Debug|Win32
		{3684B7CD-E9ED-4BE4-A482-75A5CAB2E45B}.Release|x64.ActiveCfg = Release|Win32
		{3684B7CD-E9ED-4BE4-A482-75A5CAB2E45B}.Release|x86.ActiveCfg = Release|Win32
		{3684B7CD-E9ED-4BE4-A482-75A5CAB2E45B}.Release|x86.Build.0 = Release|Win32
	EndGlobalSection
	GlobalSection(SolutionProperties) = preSolution
		HideSolutionNode = FALSE
	EndGlobalSection
EndGlobal
